
Microsoft Visual Studio Solution File, Format Version 12.00
# Visual Studio Version 16
VisualStudioVersion = 16.0.31205.134
MinimumVisualStudioVersion = 10.0.40219.1
Project("{9A19103F-16F7-4668-BE54-9A1E7A4F7556}") = "Contracts", "Contracts\Contracts.csproj", "{ACC27A47-8DE8-420C-BA54-381470E30AE8}"
EndProject
Project("{9A19103F-16F7-4668-BE54-9A1E7A4F7556}") = "LoggerService", "LoggerService\LoggerService.csproj", "{88D686C0-3322-42C7-833A-3C7B87EBA613}"
EndProject
Project("{9A19103F-16F7-4668-BE54-9A1E7A4F7556}") = "Entities", "Entities\Entities.csproj", "{E94C7374-2303-4533-BC5E-157C9635F010}"
EndProject
Project("{9A19103F-16F7-4668-BE54-9A1E7A4F7556}") = "Repository", "Repository\Repository.csproj", "{8FEE8E6A-B449-4608-980C-A398E03AEAA6}"
EndProject
Project("{9A19103F-16F7-4668-BE54-9A1E7A4F7556}") = "TheCoEmmployee", "TheCoEmployee\TheCoEmmployee.csproj", "{AC4A7EF7-595B-4D1B-97AF-6A849BA45E19}"
EndProject
Global
	GlobalSection(SolutionConfigurationPlatforms) = preSolution
		Debug|Any CPU = Debug|Any CPU
		Release|Any CPU = Release|Any CPU
	EndGlobalSection
	GlobalSection(ProjectConfigurationPlatforms) = postSolution
		{ACC27A47-8DE8-420C-BA54-381470E30AE8}.Debug|Any CPU.ActiveCfg = Debug|Any CPU
		{ACC27A47-8DE8-420C-BA54-381470E30AE8}.Debug|Any CPU.Build.0 = Debug|Any CPU
		{ACC27A47-8DE8-420C-BA54-381470E30AE8}.Release|Any CPU.ActiveCfg = Release|Any CPU
		{ACC27A47-8DE8-420C-BA54-381470E30AE8}.Release|Any CPU.Build.0 = Release|Any CPU
		{88D686C0-3322-42C7-833A-3C7B87EBA613}.Debug|Any CPU.ActiveCfg = Debug|Any CPU
		{88D686C0-3322-42C7-833A-3C7B87EBA613}.Debug|Any CPU.Build.0 = Debug|Any CPU
		{88D686C0-3322-42C7-833A-3C7B87EBA613}.Release|Any CPU.ActiveCfg = Release|Any CPU
		{88D686C0-3322-42C7-833A-3C7B87EBA613}.Release|Any CPU.Build.0 = Release|Any CPU
		{E94C7374-2303-4533-BC5E-157C9635F010}.Debug|Any CPU.ActiveCfg = Debug|Any CPU
		{E94C7374-2303-4533-BC5E-157C9635F010}.Debug|Any CPU.Build.0 = Debug|Any CPU
		{E94C7374-2303-4533-BC5E-157C9635F010}.Release|Any CPU.ActiveCfg = Release|Any CPU
		{E94C7374-2303-4533-BC5E-157C9635F010}.Release|Any CPU.Build.0 = Release|Any CPU
		{8FEE8E6A-B449-4608-980C-A398E03AEAA6}.Debug|Any CPU.ActiveCfg = Debug|Any CPU
		{8FEE8E6A-B449-4608-980C-A398E03AEAA6}.Debug|Any CPU.Build.0 = Debug|Any CPU
		{8FEE8E6A-B449-4608-980C-A398E03AEAA6}.Release|Any CPU.ActiveCfg = Release|Any CPU
		{8FEE8E6A-B449-4608-980C-A398E03AEAA6}.Release|Any CPU.Build.0 = Release|Any CPU
		{AC4A7EF7-595B-4D1B-97AF-6A849BA45E19}.Debug|Any CPU.ActiveCfg = Debug|Any CPU
		{AC4A7EF7-595B-4D1B-97AF-6A849BA45E19}.Debug|Any CPU.Build.0 = Debug|Any CPU
		{AC4A7EF7-595B-4D1B-97AF-6A849BA45E19}.Release|Any CPU.ActiveCfg = Release|Any CPU
		{AC4A7EF7-595B-4D1B-97AF-6A849BA45E19}.Release|Any CPU.Build.0 = Release|Any CPU
	EndGlobalSection
	GlobalSection(SolutionProperties) = preSolution
		HideSolutionNode = FALSE
	EndGlobalSection
	GlobalSection(ExtensibilityGlobals) = postSolution
		SolutionGuid = {D22E2B93-787C-4DF0-AD14-71CCD7F2A4E0}
	EndGlobalSection
EndGlobal
